{
    "version": 3,
    "terraform_version": "0.8.4",
    "serial": 7,
    "lineage": "f24316ba-d5d5-4715-942b-00f04b02eb31",
    "modules": [
        {
            "path": [
                "root"
            ],
            "outputs": {
                "instance_id": {
                    "sensitive": false,
                    "type": "string",
                    "value": "i-01f7bd9c3119e5da0"
                }
            },
            "resources": {
                "aws_iam_instance_profile.host": {
                    "type": "aws_iam_instance_profile",
                    "depends_on": [],
                    "primary": {
                        "id": "terraform-00fd425a0845f39dac1c6cb9b7",
                        "attributes": {
                            "arn": "arn:aws:iam::431240526133:instance-profile/terraform-00fd425a0845f39dac1c6cb9b7",
                            "id": "terraform-00fd425a0845f39dac1c6cb9b7",
                            "name": "terraform-00fd425a0845f39dac1c6cb9b7",
                            "path": "/",
                            "roles.#": "1",
                            "roles.2232612171": "devops-containerhost"
                        },
                        "meta": {},
                        "tainted": false
                    },
                    "deposed": [],
                    "provider": ""
                },
                "aws_instance.dopserver": {
                    "type": "aws_instance",
                    "depends_on": [
                        "aws_iam_instance_profile.host"
                    ],
                    "primary": {
                        "id": "i-01f7bd9c3119e5da0",
                        "attributes": {
                            "ami": "ami-d37bc2b3",
                            "associate_public_ip_address": "true",
                            "availability_zone": "us-west-2a",
                            "disable_api_termination": "false",
                            "ebs_block_device.#": "0",
                            "ebs_optimized": "false",
                            "ephemeral_block_device.#": "0",
                            "iam_instance_profile": "terraform-00fd425a0845f39dac1c6cb9b7",
                            "id": "i-01f7bd9c3119e5da0",
                            "instance_state": "running",
                            "instance_type": "m4.large",
                            "key_name": "also-unsafe",
                            "monitoring": "false",
                            "network_interface_id": "eni-9a5755d9",
                            "private_dns": "ip-172-31-34-34.us-west-2.compute.internal",
                            "private_ip": "172.31.34.34",
                            "public_dns": "ec2-35-164-213-77.us-west-2.compute.amazonaws.com",
                            "public_ip": "35.164.213.77",
                            "root_block_device.#": "1",
                            "root_block_device.0.delete_on_termination": "true",
                            "root_block_device.0.iops": "100",
                            "root_block_device.0.volume_size": "8",
                            "root_block_device.0.volume_type": "gp2",
                            "security_groups.#": "0",
                            "source_dest_check": "true",
                            "subnet_id": "subnet-41e3b136",
                            "tags.%": "1",
                            "tags.Name": "container-host",
                            "tenancy": "default",
                            "vpc_security_group_ids.#": "1",
                            "vpc_security_group_ids.1026122640": "sg-f9b19c9d"
                        },
                        "meta": {
                            "schema_version": "1"
                        },
                        "tainted": false
                    },
                    "deposed": [],
                    "provider": ""
                }
            },
            "depends_on": []
        }
    ]
}
