{
    "version": 3,
    "terraform_version": "0.8.4",
    "serial": 0,
    "lineage": "f24316ba-d5d5-4715-942b-00f04b02eb31",
    "modules": [
        {
            "path": [
                "root"
            ],
            "outputs": {
                "instance_id": {
                    "sensitive": false,
                    "type": "string",
                    "value": "i-06f4b0a0a1a90d0bc"
                }
            },
            "resources": {
                "aws_instance.dopserver": {
                    "type": "aws_instance",
                    "depends_on": [],
                    "primary": {
                        "id": "i-06f4b0a0a1a90d0bc",
                        "attributes": {
                            "ami": "ami-8c7bc2ec",
                            "associate_public_ip_address": "true",
                            "availability_zone": "us-west-2a",
                            "disable_api_termination": "false",
                            "ebs_block_device.#": "0",
                            "ebs_optimized": "false",
                            "ephemeral_block_device.#": "0",
                            "iam_instance_profile": "",
                            "id": "i-06f4b0a0a1a90d0bc",
                            "instance_state": "running",
                            "instance_type": "m4.large",
                            "key_name": "unsafe",
                            "monitoring": "false",
                            "network_interface_id": "eni-06828345",
                            "private_dns": "ip-172-31-37-173.us-west-2.compute.internal",
                            "private_ip": "172.31.37.173",
                            "public_dns": "ec2-35-167-122-202.us-west-2.compute.amazonaws.com",
                            "public_ip": "35.167.122.202",
                            "root_block_device.#": "1",
                            "root_block_device.0.delete_on_termination": "true",
                            "root_block_device.0.iops": "100",
                            "root_block_device.0.volume_size": "8",
                            "root_block_device.0.volume_type": "gp2",
                            "security_groups.#": "0",
                            "source_dest_check": "true",
                            "subnet_id": "subnet-41e3b136",
                            "tags.%": "1",
                            "tags.Name": "container-host",
                            "tenancy": "default",
                            "vpc_security_group_ids.#": "1",
                            "vpc_security_group_ids.1026122640": "sg-f9b19c9d"
                        },
                        "meta": {
                            "schema_version": "1"
                        },
                        "tainted": false
                    },
                    "deposed": [],
                    "provider": ""
                }
            },
            "depends_on": []
        }
    ]
}
