{
    "version": 3,
    "terraform_version": "0.8.4",
    "serial": 38,
    "lineage": "fd5fc877-0121-460c-a792-73d8623814ab",
    "modules": [
        {
            "path": [
                "root"
            ],
            "outputs": {
                "lb_url": {
                    "sensitive": false,
                    "type": "string",
                    "value": "af-0000a-alb-2020351193.us-west-2.elb.amazonaws.com"
                },
                "lb_zone_id": {
                    "sensitive": false,
                    "type": "string",
                    "value": "Z1H1FL5HABSF5"
                }
            },
            "resources": {
                "aws_alb.main": {
                    "type": "aws_alb",
                    "depends_on": [
                        "aws_security_group.lb_sg"
                    ],
                    "primary": {
                        "id": "",
                        "attributes": {},
                        "meta": {},
                        "tainted": false
                    },
                    "deposed": [],
                    "provider": ""
                },
                "aws_alb_listener.front_end": {
                    "type": "aws_alb_listener",
                    "depends_on": [
                        "aws_alb.main",
                        "aws_alb_target_group.https_default"
                    ],
                    "primary": {
                        "id": "",
                        "attributes": {},
                        "meta": {},
                        "tainted": false
                    },
                    "deposed": [],
                    "provider": ""
                },
                "aws_alb_listener.http_to_redirect": {
                    "type": "aws_alb_listener",
                    "depends_on": [
                        "aws_alb.main",
                        "aws_alb_target_group.http_default"
                    ],
                    "primary": {
                        "id": "",
                        "attributes": {},
                        "meta": {},
                        "tainted": false
                    },
                    "deposed": [],
                    "provider": ""
                },
                "aws_alb_listener_rule.api": {
                    "type": "aws_alb_listener_rule",
                    "depends_on": [
                        "aws_alb_listener.front_end",
                        "aws_alb_target_group.https_api"
                    ],
                    "primary": {
                        "id": "",
                        "attributes": {},
                        "meta": {},
                        "tainted": false
                    },
                    "deposed": [],
                    "provider": ""
                },
                "aws_alb_listener_rule.relay": {
                    "type": "aws_alb_listener_rule",
                    "depends_on": [
                        "aws_alb_listener.front_end",
                        "aws_alb_target_group.https_relay"
                    ],
                    "primary": {
                        "id": "",
                        "attributes": {},
                        "meta": {},
                        "tainted": false
                    },
                    "deposed": [],
                    "provider": ""
                },
                "aws_alb_target_group.http_default": {
                    "type": "aws_alb_target_group",
                    "depends_on": [],
                    "primary": {
                        "id": "",
                        "attributes": {},
                        "meta": {},
                        "tainted": false
                    },
                    "deposed": [],
                    "provider": ""
                },
                "aws_alb_target_group.https_api": {
                    "type": "aws_alb_target_group",
                    "depends_on": [],
                    "primary": {
                        "id": "",
                        "attributes": {},
                        "meta": {},
                        "tainted": false
                    },
                    "deposed": [],
                    "provider": ""
                },
                "aws_alb_target_group.https_default": {
                    "type": "aws_alb_target_group",
                    "depends_on": [],
                    "primary": {
                        "id": "",
                        "attributes": {},
                        "meta": {},
                        "tainted": false
                    },
                    "deposed": [],
                    "provider": ""
                },
                "aws_alb_target_group.https_relay": {
                    "type": "aws_alb_target_group",
                    "depends_on": [],
                    "primary": {
                        "id": "",
                        "attributes": {},
                        "meta": {},
                        "tainted": false
                    },
                    "deposed": [],
                    "provider": ""
                },
                "aws_autoscaling_group.app": {
                    "type": "aws_autoscaling_group",
                    "depends_on": [
                        "aws_launch_configuration.app"
                    ],
                    "primary": {
                        "id": "am-0000a-sandbox-asg",
                        "attributes": {
                            "arn": "arn:aws:autoscaling:us-west-2:431240526133:autoScalingGroup:f4e6346f-9d4a-4fb5-9073-ad0e34c18ee1:autoScalingGroupName/am-0000a-sandbox-asg",
                            "availability_zones.#": "1",
                            "availability_zones.2487133097": "us-west-2a",
                            "default_cooldown": "300",
                            "desired_capacity": "1",
                            "force_delete": "false",
                            "health_check_grace_period": "300",
                            "health_check_type": "EC2",
                            "id": "am-0000a-sandbox-asg",
                            "launch_configuration": "terraform-00727f56f65dc3deca70d872e3",
                            "load_balancers.#": "0",
                            "max_size": "1",
                            "metrics_granularity": "1Minute",
                            "min_size": "1",
                            "name": "am-0000a-sandbox-asg",
                            "placement_group": "",
                            "protect_from_scale_in": "false",
                            "suspended_processes.#": "0",
                            "tag.#": "0",
                            "target_group_arns.#": "0",
                            "termination_policies.#": "0",
                            "vpc_zone_identifier.#": "1",
                            "vpc_zone_identifier.4175829506": "subnet-89a04cc0",
                            "wait_for_capacity_timeout": "10m"
                        },
                        "meta": {},
                        "tainted": false
                    },
                    "deposed": [],
                    "provider": ""
                },
                "aws_ecs_cluster.main": {
                    "type": "aws_ecs_cluster",
                    "depends_on": [],
                    "primary": {
                        "id": "arn:aws:ecs:us-west-2:431240526133:cluster/jsapps-am0000a",
                        "attributes": {
                            "id": "arn:aws:ecs:us-west-2:431240526133:cluster/jsapps-am0000a",
                            "name": "jsapps-am0000a"
                        },
                        "meta": {},
                        "tainted": false
                    },
                    "deposed": [],
                    "provider": ""
                },
                "aws_ecs_service.webrequester": {
                    "type": "aws_ecs_service",
                    "depends_on": [
                        "aws_alb_listener.front_end",
                        "aws_alb_target_group.https_default",
                        "aws_autoscaling_group.app",
                        "aws_ecs_cluster.main",
                        "aws_iam_role.ecs_service",
                        "aws_iam_role_policy.ecs_service"
                    ],
                    "primary": {
                        "id": "",
                        "attributes": {},
                        "meta": {},
                        "tainted": false
                    },
                    "deposed": [],
                    "provider": ""
                },
                "aws_ecs_task_definition.jsapps": {
                    "type": "aws_ecs_task_definition",
                    "depends_on": [
                        "data.template_file.task_definition"
                    ],
                    "primary": {
                        "id": "",
                        "attributes": {},
                        "meta": {},
                        "tainted": false
                    },
                    "deposed": [],
                    "provider": ""
                },
                "aws_iam_instance_profile.app": {
                    "type": "aws_iam_instance_profile",
                    "depends_on": [
                        "aws_iam_role.app_instance"
                    ],
                    "primary": {
                        "id": "tf-ecs-instprofile",
                        "attributes": {
                            "arn": "arn:aws:iam::431240526133:instance-profile/tf-ecs-instprofile",
                            "id": "tf-ecs-instprofile",
                            "name": "tf-ecs-instprofile",
                            "path": "/",
                            "roles.#": "1",
                            "roles.1964503007": "jsapps-iam-instance-role"
                        },
                        "meta": {},
                        "tainted": false
                    },
                    "deposed": [],
                    "provider": ""
                },
                "aws_iam_role.app_instance": {
                    "type": "aws_iam_role",
                    "depends_on": [],
                    "primary": {
                        "id": "jsapps-iam-instance-role",
                        "attributes": {
                            "arn": "arn:aws:iam::431240526133:role/jsapps-iam-instance-role",
                            "assume_role_policy": "{\"Version\":\"2012-10-17\",\"Statement\":[{\"Sid\":\"\",\"Effect\":\"Allow\",\"Principal\":{\"Service\":\"ec2.amazonaws.com\"},\"Action\":\"sts:AssumeRole\"}]}",
                            "create_date": "2017-01-24T15:38:22Z",
                            "id": "jsapps-iam-instance-role",
                            "name": "jsapps-iam-instance-role",
                            "path": "/",
                            "unique_id": "AROAIMWMCZK2UE6OY44FQ"
                        },
                        "meta": {},
                        "tainted": false
                    },
                    "deposed": [],
                    "provider": ""
                },
                "aws_iam_role.ecs_service": {
                    "type": "aws_iam_role",
                    "depends_on": [],
                    "primary": {
                        "id": "",
                        "attributes": {},
                        "meta": {},
                        "tainted": false
                    },
                    "deposed": [],
                    "provider": ""
                },
                "aws_iam_role_policy.ecs_service": {
                    "type": "aws_iam_role_policy",
                    "depends_on": [
                        "aws_iam_role.ecs_service"
                    ],
                    "primary": {
                        "id": "",
                        "attributes": {},
                        "meta": {},
                        "tainted": false
                    },
                    "deposed": [],
                    "provider": ""
                },
                "aws_iam_role_policy.instance": {
                    "type": "aws_iam_role_policy",
                    "depends_on": [
                        "aws_iam_role.app_instance",
                        "data.template_file.instance_profile"
                    ],
                    "primary": {
                        "id": "",
                        "attributes": {},
                        "meta": {},
                        "tainted": false
                    },
                    "deposed": [],
                    "provider": ""
                },
                "aws_launch_configuration.app": {
                    "type": "aws_launch_configuration",
                    "depends_on": [
                        "aws_iam_instance_profile.app",
                        "data.aws_ami.stable_coreos",
                        "data.template_file.cloud_config"
                    ],
                    "primary": {
                        "id": "terraform-00727f56f65dc3deca70d872e3",
                        "attributes": {
                            "associate_public_ip_address": "true",
                            "ebs_block_device.#": "0",
                            "ebs_optimized": "false",
                            "enable_monitoring": "true",
                            "ephemeral_block_device.#": "0",
                            "iam_instance_profile": "tf-ecs-instprofile",
                            "id": "terraform-00727f56f65dc3deca70d872e3",
                            "image_id": "ami-12942672",
                            "instance_type": "m4.large",
                            "key_name": "devops-containers",
                            "name": "terraform-00727f56f65dc3deca70d872e3",
                            "root_block_device.#": "0",
                            "security_groups.#": "1",
                            "security_groups.3956688694": "sg-f3b8718b",
                            "spot_price": "",
                            "user_data": "0068be92d12e33befba64b2aa70fb1615bd6018d",
                            "vpc_classic_link_id": "",
                            "vpc_classic_link_security_groups.#": "0"
                        },
                        "meta": {},
                        "tainted": false
                    },
                    "deposed": [],
                    "provider": ""
                },
                "aws_security_group.lb_sg": {
                    "type": "aws_security_group",
                    "depends_on": [],
                    "primary": {
                        "id": "sg-2a5ae552",
                        "attributes": {
                            "description": "controls access to the application ELB",
                            "egress.#": "1",
                            "egress.482069346.cidr_blocks.#": "1",
                            "egress.482069346.cidr_blocks.0": "0.0.0.0/0",
                            "egress.482069346.from_port": "0",
                            "egress.482069346.prefix_list_ids.#": "0",
                            "egress.482069346.protocol": "-1",
                            "egress.482069346.security_groups.#": "0",
                            "egress.482069346.self": "false",
                            "egress.482069346.to_port": "0",
                            "id": "sg-2a5ae552",
                            "ingress.#": "1",
                            "ingress.2617001939.cidr_blocks.#": "1",
                            "ingress.2617001939.cidr_blocks.0": "0.0.0.0/0",
                            "ingress.2617001939.from_port": "443",
                            "ingress.2617001939.protocol": "tcp",
                            "ingress.2617001939.security_groups.#": "0",
                            "ingress.2617001939.self": "false",
                            "ingress.2617001939.to_port": "443",
                            "name": "af-0000a-lbsg",
                            "owner_id": "431240526133",
                            "tags.%": "0",
                            "vpc_id": "vpc-087ecb6f"
                        },
                        "meta": {},
                        "tainted": false
                    },
                    "deposed": [],
                    "provider": ""
                },
                "data.aws_ami.stable_coreos": {
                    "type": "aws_ami",
                    "depends_on": [],
                    "primary": {
                        "id": "ami-12942672",
                        "attributes": {
                            "architecture": "x86_64",
                            "block_device_mappings.#": "2",
                            "block_device_mappings.3607311014.device_name": "/dev/xvda",
                            "block_device_mappings.3607311014.ebs.%": "6",
                            "block_device_mappings.3607311014.ebs.delete_on_termination": "true",
                            "block_device_mappings.3607311014.ebs.encrypted": "false",
                            "block_device_mappings.3607311014.ebs.iops": "0",
                            "block_device_mappings.3607311014.ebs.snapshot_id": "snap-067b7f1422deaa74f",
                            "block_device_mappings.3607311014.ebs.volume_size": "8",
                            "block_device_mappings.3607311014.ebs.volume_type": "standard",
                            "block_device_mappings.3607311014.no_device": "",
                            "block_device_mappings.3607311014.virtual_name": "",
                            "block_device_mappings.3754555969.device_name": "/dev/xvdb",
                            "block_device_mappings.3754555969.ebs.%": "0",
                            "block_device_mappings.3754555969.no_device": "",
                            "block_device_mappings.3754555969.virtual_name": "ephemeral0",
                            "creation_date": "2017-01-10T17:23:41.000Z",
                            "description": "CoreOS stable 1235.6.0 (HVM)",
                            "filter.#": "3",
                            "filter.2264250859.name": "description",
                            "filter.2264250859.values.#": "1",
                            "filter.2264250859.values.0": "CoreOS stable *",
                            "filter.3386043752.name": "architecture",
                            "filter.3386043752.values.#": "1",
                            "filter.3386043752.values.0": "x86_64",
                            "filter.490168357.name": "virtualization-type",
                            "filter.490168357.values.#": "1",
                            "filter.490168357.values.0": "hvm",
                            "hypervisor": "xen",
                            "id": "ami-12942672",
                            "image_id": "ami-12942672",
                            "image_location": "595879546273/CoreOS-stable-1235.6.0-hvm",
                            "image_type": "machine",
                            "most_recent": "true",
                            "name": "CoreOS-stable-1235.6.0-hvm",
                            "owner_id": "595879546273",
                            "owners.#": "1",
                            "owners.0": "595879546273",
                            "product_codes.#": "0",
                            "public": "true",
                            "root_device_name": "/dev/xvda",
                            "root_device_type": "ebs",
                            "sriov_net_support": "simple",
                            "state": "available",
                            "state_reason.%": "2",
                            "state_reason.code": "UNSET",
                            "state_reason.message": "UNSET",
                            "tags.#": "0",
                            "virtualization_type": "hvm"
                        },
                        "meta": {},
                        "tainted": false
                    },
                    "deposed": [],
                    "provider": ""
                },
                "data.template_file.cloud_config": {
                    "type": "template_file",
                    "depends_on": [
                        "aws_ecs_cluster.main"
                    ],
                    "primary": {
                        "id": "d7f9509818916afa0572dba38bb52bc966f2cd810f0efb8b06f6f28991383c0a",
                        "attributes": {
                            "id": "d7f9509818916afa0572dba38bb52bc966f2cd810f0efb8b06f6f28991383c0a",
                            "rendered": "#cloud-config\nwrite_files:\n  - path: /etc/ssh/sshd_config\n    permissions: 0600\n    owner: root:root\n    content: |\n      # Use most defaults for sshd configuration.\n      UsePrivilegeSeparation sandbox\n      Subsystem sftp internal-sftp\n\n      PermitRootLogin yes\n      AllowUsers core\n      PasswordAuthentication no\n      ChallengeResponseAuthentication no\n\ncoreos:\n  units:\n   - name: update-engine.service\n     command: stop\n   - name: amazon-ecs-agent.service\n     command: start\n     runtime: true\n     content: |\n       [Unit]\n       Description=AWS ECS Agent\n       Documentation=https://docs.aws.amazon.com/AmazonECS/latest/developerguide/\n       Requires=docker.socket\n       After=docker.socket\n\n       [Service]\n       Environment=ECS_CLUSTER=jsapps-am0000a\n       Environment=ECS_LOGLEVEL=info\n       Environment=ECS_VERSION=latest\n       Restart=on-failure\n       RestartSec=30\n       RestartPreventExitStatus=5\n       SyslogIdentifier=ecs-agent\n       ExecStartPre=-/bin/mkdir -p /var/log/ecs /var/ecs-data /etc/ecs\n       ExecStartPre=-/usr/bin/docker kill ecs-agent\n       ExecStartPre=-/usr/bin/docker rm ecs-agent\n       ExecStartPre=/usr/bin/docker pull amazon/amazon-ecs-agent:${ECS_VERSION}\n       ExecStart=/usr/bin/docker run --name ecs-agent \\\n                                     --volume=/var/run/docker.sock:/var/run/docker.sock \\\n                                     --volume=/var/log/ecs:/log \\\n                                     --volume=/var/ecs-data:/data \\\n                                     --volume=/sys/fs/cgroup:/sys/fs/cgroup:ro \\\n                                     --volume=/run/docker/execdriver/native:/var/lib/docker/execdriver/native:ro \\\n                                     --publish=127.0.0.1:51678:51678 \\\n                                     --env=ECS_LOGFILE=/log/ecs-agent.log \\\n                                     --env=ECS_LOGLEVEL=${ECS_LOGLEVEL} \\\n                                     --env=ECS_DATADIR=/data \\\n                                     --env=ECS_CLUSTER=${ECS_CLUSTER} \\\n                                     --env=ECS_AVAILABLE_LOGGING_DRIVERS='[\"awslogs\"]' \\\n                                     --log-driver=awslogs \\\n                                     amazon/amazon-ecs-agent:${ECS_VERSION}\n",
                            "template": "#cloud-config\nwrite_files:\n  - path: /etc/ssh/sshd_config\n    permissions: 0600\n    owner: root:root\n    content: |\n      # Use most defaults for sshd configuration.\n      UsePrivilegeSeparation sandbox\n      Subsystem sftp internal-sftp\n\n      PermitRootLogin yes\n      AllowUsers core\n      PasswordAuthentication no\n      ChallengeResponseAuthentication no\n\ncoreos:\n  units:\n   - name: update-engine.service\n     command: stop\n   - name: amazon-ecs-agent.service\n     command: start\n     runtime: true\n     content: |\n       [Unit]\n       Description=AWS ECS Agent\n       Documentation=https://docs.aws.amazon.com/AmazonECS/latest/developerguide/\n       Requires=docker.socket\n       After=docker.socket\n\n       [Service]\n       Environment=ECS_CLUSTER=${ecs_cluster_name}\n       Environment=ECS_LOGLEVEL=${ecs_log_level}\n       Environment=ECS_VERSION=${ecs_agent_version}\n       Restart=on-failure\n       RestartSec=30\n       RestartPreventExitStatus=5\n       SyslogIdentifier=ecs-agent\n       ExecStartPre=-/bin/mkdir -p /var/log/ecs /var/ecs-data /etc/ecs\n       ExecStartPre=-/usr/bin/docker kill ecs-agent\n       ExecStartPre=-/usr/bin/docker rm ecs-agent\n       ExecStartPre=/usr/bin/docker pull amazon/amazon-ecs-agent:$${ECS_VERSION}\n       ExecStart=/usr/bin/docker run --name ecs-agent \\\n                                     --volume=/var/run/docker.sock:/var/run/docker.sock \\\n                                     --volume=/var/log/ecs:/log \\\n                                     --volume=/var/ecs-data:/data \\\n                                     --volume=/sys/fs/cgroup:/sys/fs/cgroup:ro \\\n                                     --volume=/run/docker/execdriver/native:/var/lib/docker/execdriver/native:ro \\\n                                     --publish=127.0.0.1:51678:51678 \\\n                                     --env=ECS_LOGFILE=/log/ecs-agent.log \\\n                                     --env=ECS_LOGLEVEL=$${ECS_LOGLEVEL} \\\n                                     --env=ECS_DATADIR=/data \\\n                                     --env=ECS_CLUSTER=$${ECS_CLUSTER} \\\n                                     --env=ECS_AVAILABLE_LOGGING_DRIVERS='[\"awslogs\"]' \\\n                                     --log-driver=awslogs \\\n                                     amazon/amazon-ecs-agent:$${ECS_VERSION}\n",
                            "vars.%": "4",
                            "vars.aws_region": "us-west-2",
                            "vars.ecs_agent_version": "latest",
                            "vars.ecs_cluster_name": "jsapps-am0000a",
                            "vars.ecs_log_level": "info"
                        },
                        "meta": {},
                        "tainted": false
                    },
                    "deposed": [],
                    "provider": ""
                },
                "data.template_file.instance_profile": {
                    "type": "template_file",
                    "depends_on": [],
                    "primary": {
                        "id": "",
                        "attributes": {},
                        "meta": {},
                        "tainted": false
                    },
                    "deposed": [],
                    "provider": ""
                },
                "data.template_file.task_definition": {
                    "type": "template_file",
                    "depends_on": [],
                    "primary": {
                        "id": "",
                        "attributes": {},
                        "meta": {},
                        "tainted": false
                    },
                    "deposed": [],
                    "provider": ""
                }
            },
            "depends_on": []
        }
    ]
}
